{
  "name": "cards",
  "version": "1.0.0",
  "lockfileVersion": 3,
  "requires": true,
  "packages": {
    "": {
      "name": "cards",
      "version": "1.0.0",
      "license": "ISC",
      "dependencies": {
        "card-tools": "github:thomasloven/lovelace-card-tools"
      }
    },
    "node_modules/card-tools": {
      "version": "2.1.2",
      "resolved": "git+ssh://git@github.com/thomasloven/lovelace-card-tools.git#477f3d4eeb5c70cab047d418d19afb6b0f07bf49",
      "license": "MIT"
    }
  }
}
